
Microsoft Visual Studio Solution File, Format Version 12.00
# Visual Studio Version 16
VisualStudioVersion = 16.0.30711.63
MinimumVisualStudioVersion = 10.0.40219.1
Project("{FAE04EC0-301F-11D3-BF4B-00C04F79EFBC}") = "Tool-DB", "Tool-DB\Tool-DB.csproj", "{A5A4BC1C-05A8-431B-81C4-53FE3A2CFECE}"
EndProject
Global
	GlobalSection(SolutionConfigurationPlatforms) = preSolution
		Debug|Any CPU = Debug|Any CPU
		Release|Any CPU = Release|Any CPU
	EndGlobalSection
	GlobalSection(ProjectConfigurationPlatforms) = postSolution
		{A5A4BC1C-05A8-431B-81C4-53FE3A2CFECE}.Debug|Any CPU.ActiveCfg = Debug|Any CPU
		{A5A4BC1C-05A8-431B-81C4-53FE3A2CFECE}.Debug|Any CPU.Build.0 = Debug|Any CPU
		{A5A4BC1C-05A8-431B-81C4-53FE3A2CFECE}.Release|Any CPU.ActiveCfg = Release|Any CPU
		{A5A4BC1C-05A8-431B-81C4-53FE3A2CFECE}.Release|Any CPU.Build.0 = Release|Any CPU
	EndGlobalSection
	GlobalSection(SolutionProperties) = preSolution
		HideSolutionNode = FALSE
	EndGlobalSection
	GlobalSection(ExtensibilityGlobals) = postSolution
		SolutionGuid = {8E54A241-ED62-42AA-82B3-5C83D41BA382}
	EndGlobalSection
EndGlobal
